
Microsoft Visual Studio Solution File, Format Version 12.00
# TcXaeShell Solution File, Format Version 11.00
VisualStudioVersion = 15.0.34829.251
MinimumVisualStudioVersion = 10.0.40219.1
Project("{FE7A1B72-C5B7-4D7C-BB7D-76384D4DE8E1}") = "TE-1096-IP8X-HMI", "TE-1096-IP8X-HMI.hmiproj", "{64333A4B-C148-4DE8-905F-A157CA020F9A}"
EndProject
Global
	GlobalSection(SolutionConfigurationPlatforms) = preSolution
		Debug|TwinCAT HMI = Debug|TwinCAT HMI
		Release|TwinCAT HMI = Release|TwinCAT HMI
	EndGlobalSection
	GlobalSection(ProjectConfigurationPlatforms) = postSolution
		{64333A4B-C148-4DE8-905F-A157CA020F9A}.Debug|TwinCAT HMI.ActiveCfg = Debug|TwinCAT HMI
		{64333A4B-C148-4DE8-905F-A157CA020F9A}.Debug|TwinCAT HMI.Build.0 = Debug|TwinCAT HMI
		{64333A4B-C148-4DE8-905F-A157CA020F9A}.Release|TwinCAT HMI.ActiveCfg = Release|TwinCAT HMI
		{64333A4B-C148-4DE8-905F-A157CA020F9A}.Release|TwinCAT HMI.Build.0 = Release|TwinCAT HMI
	EndGlobalSection
	GlobalSection(SolutionProperties) = preSolution
		HideSolutionNode = FALSE
	EndGlobalSection
	GlobalSection(ExtensibilityGlobals) = postSolution
		SolutionGuid = {8153C3C1-5367-4CD7-88E9-14E417DF2696}
	EndGlobalSection
EndGlobal
